# This file was autogenerated by Stack.
# You should not edit this file by hand.
# For more information, please see the documentation at:
#   https://docs.haskellstack.org/en/stable/topics/lock_files

packages:
- completed:
    hackage: aeson-2.2.1.0@sha256:351b1eed10bee43321957408f20460d595fafbf37266e6c13abd9bd5acbd1025,6578
    pantry-tree:
      sha256: e907bbb78d05b94ddb16cddbc379e79e920781450a8a0465f014b693608731de
      size: 83518
  original:
    hackage: aeson-2.2.1.0
- completed:
    hackage: stm-2.5.1.0@sha256:7906fe34eac27c6a81a5980c2ec45eab7876494961820dfd3aa770e0d02a0373,2395
    pantry-tree:
      sha256: e4cc09c1ba6a2b9583ff79ad67e422d91e0edd30ce5250b009412dc175a8639a
      size: 1392
  original:
    hackage: stm-2.5.1.0
- completed:
    hackage: random-1.2.1.2@sha256:32397de181e20ccaacf806ec70de9308cf044f089a2be37c936f3f8967bde867,6460
    pantry-tree:
      sha256: cd0fe2b39e4d4efad4d78f69c28b7fd49ffe2879923b3a9272352edc43a956e6
      size: 1528
  original:
    hackage: random-1.2.1.2
- completed:
    hackage: time-1.12.2@sha256:88e8493d9130038d3b9968a2530a0900141cd3d938483c83dde56e12b875ebc8,6510
    pantry-tree:
      sha256: de0ab314661da3788b5dad20254e44929b1659b00d32b5a0cd54922a05e006e8
      size: 7264
  original:
    hackage: time-1.12.2
- completed:
    hackage: ansi-terminal-0.11.5@sha256:2fe3d006b9ea0dc1a5537a029edb0bc2bbe56a33a6d95264b38b54c58e931e51,3752
    pantry-tree:
      sha256: a9564fdb057ec50fd46b14cd2964fff101dcd0ed5a8c13b72ddeba736a600cba
      size: 1388
  original:
    hackage: ansi-terminal-0.11.5
snapshots:
- completed:
    sha256: 238fa745b64f91184f9aa518fe04bdde6552533d169b0da5256670df83a0f1a9
    size: 721141
    url: https://raw.githubusercontent.com/commercialhaskell/stackage-snapshots/master/lts/22/44.yaml
  original: lts-22.44
